
Microsoft Visual Studio Solution File, Format Version 12.00
# Visual Studio Version 17
VisualStudioVersion = 17.1.32210.238
MinimumVisualStudioVersion = 10.0.40219.1
Project("{8BC9CEB8-8B4A-11D0-8D11-00A0C91BC942}") = "3주차", "3DP_3W_BJH\3DP_3W_BJH.vcxproj", "{5570F38D-0497-4A3A-A1EA-3E1B1B93377B}"
EndProject
Project("{8BC9CEB8-8B4A-11D0-8D11-00A0C91BC942}") = "week06_BJH", "week06_BJH\week06_BJH.vcxproj", "{9EAD4E80-D800-4ED0-A681-76CA9B97DD55}"
EndProject
Project("{8BC9CEB8-8B4A-11D0-8D11-00A0C91BC942}") = "week10_BJH", "week10_BJH\week10_BJH.vcxproj", "{E9488D77-6865-43B0-B59D-8F9BB520CF16}"
EndProject
Project("{8BC9CEB8-8B4A-11D0-8D11-00A0C91BC942}") = "week11_BJH", "week11_BJH\week11_BJH.vcxproj", "{66F8CF27-B190-48A8-A46A-9A181AA5655B}"
EndProject
Global
	GlobalSection(SolutionConfigurationPlatforms) = preSolution
		Debug|x64 = Debug|x64
		Debug|x86 = Debug|x86
		Release|x64 = Release|x64
		Release|x86 = Release|x86
	EndGlobalSection
	GlobalSection(ProjectConfigurationPlatforms) = postSolution
		{5570F38D-0497-4A3A-A1EA-3E1B1B93377B}.Debug|x64.ActiveCfg = Debug|x64
		{5570F38D-0497-4A3A-A1EA-3E1B1B93377B}.Debug|x64.Build.0 = Debug|x64
		{5570F38D-0497-4A3A-A1EA-3E1B1B93377B}.Debug|x86.ActiveCfg = Debug|Win32
		{5570F38D-0497-4A3A-A1EA-3E1B1B93377B}.Debug|x86.Build.0 = Debug|Win32
		{5570F38D-0497-4A3A-A1EA-3E1B1B93377B}.Release|x64.ActiveCfg = Release|x64
		{5570F38D-0497-4A3A-A1EA-3E1B1B93377B}.Release|x64.Build.0 = Release|x64
		{5570F38D-0497-4A3A-A1EA-3E1B1B93377B}.Release|x86.ActiveCfg = Release|Win32
		{5570F38D-0497-4A3A-A1EA-3E1B1B93377B}.Release|x86.Build.0 = Release|Win32
		{9EAD4E80-D800-4ED0-A681-76CA9B97DD55}.Debug|x64.ActiveCfg = Debug|x64
		{9EAD4E80-D800-4ED0-A681-76CA9B97DD55}.Debug|x64.Build.0 = Debug|x64
		{9EAD4E80-D800-4ED0-A681-76CA9B97DD55}.Debug|x86.ActiveCfg = Debug|Win32
		{9EAD4E80-D800-4ED0-A681-76CA9B97DD55}.Debug|x86.Build.0 = Debug|Win32
		{9EAD4E80-D800-4ED0-A681-76CA9B97DD55}.Release|x64.ActiveCfg = Release|x64
		{9EAD4E80-D800-4ED0-A681-76CA9B97DD55}.Release|x64.Build.0 = Release|x64
		{9EAD4E80-D800-4ED0-A681-76CA9B97DD55}.Release|x86.ActiveCfg = Release|Win32
		{9EAD4E80-D800-4ED0-A681-76CA9B97DD55}.Release|x86.Build.0 = Release|Win32
		{E9488D77-6865-43B0-B59D-8F9BB520CF16}.Debug|x64.ActiveCfg = Debug|x64
		{E9488D77-6865-43B0-B59D-8F9BB520CF16}.Debug|x64.Build.0 = Debug|x64
		{E9488D77-6865-43B0-B59D-8F9BB520CF16}.Debug|x86.ActiveCfg = Debug|Win32
		{E9488D77-6865-43B0-B59D-8F9BB520CF16}.Debug|x86.Build.0 = Debug|Win32
		{E9488D77-6865-43B0-B59D-8F9BB520CF16}.Release|x64.ActiveCfg = Release|x64
		{E9488D77-6865-43B0-B59D-8F9BB520CF16}.Release|x64.Build.0 = Release|x64
		{E9488D77-6865-43B0-B59D-8F9BB520CF16}.Release|x86.ActiveCfg = Release|Win32
		{E9488D77-6865-43B0-B59D-8F9BB520CF16}.Release|x86.Build.0 = Release|Win32
		{66F8CF27-B190-48A8-A46A-9A181AA5655B}.Debug|x64.ActiveCfg = Debug|x64
		{66F8CF27-B190-48A8-A46A-9A181AA5655B}.Debug|x64.Build.0 = Debug|x64
		{66F8CF27-B190-48A8-A46A-9A181AA5655B}.Debug|x86.ActiveCfg = Debug|Win32
		{66F8CF27-B190-48A8-A46A-9A181AA5655B}.Debug|x86.Build.0 = Debug|Win32
		{66F8CF27-B190-48A8-A46A-9A181AA5655B}.Release|x64.ActiveCfg = Release|x64
		{66F8CF27-B190-48A8-A46A-9A181AA5655B}.Release|x64.Build.0 = Release|x64
		{66F8CF27-B190-48A8-A46A-9A181AA5655B}.Release|x86.ActiveCfg = Release|Win32
		{66F8CF27-B190-48A8-A46A-9A181AA5655B}.Release|x86.Build.0 = Release|Win32
	EndGlobalSection
	GlobalSection(SolutionProperties) = preSolution
		HideSolutionNode = FALSE
	EndGlobalSection
	GlobalSection(ExtensibilityGlobals) = postSolution
		SolutionGuid = {F9599617-F44C-4D89-BBA3-836B5A08BA90}
	EndGlobalSection
EndGlobal
